
Microsoft Visual Studio Solution File, Format Version 12.00
# Visual Studio Version 17
VisualStudioVersion = 17.9.34701.34
MinimumVisualStudioVersion = 10.0.40219.1
Project("{FAE04EC0-301F-11D3-BF4B-00C04F79EFBC}") = "QuanLyVePhim", "QuanLyVePhim.csproj", "{B33C9207-4D73-4146-830F-AA56491C3AB4}"
EndProject
Global
	GlobalSection(SolutionConfigurationPlatforms) = preSolution
		Debug|Any CPU = Debug|Any CPU
		Release|Any CPU = Release|Any CPU
	EndGlobalSection
	GlobalSection(ProjectConfigurationPlatforms) = postSolution
		{B33C9207-4D73-4146-830F-AA56491C3AB4}.Debug|Any CPU.ActiveCfg = Debug|Any CPU
		{B33C9207-4D73-4146-830F-AA56491C3AB4}.Debug|Any CPU.Build.0 = Debug|Any CPU
		{B33C9207-4D73-4146-830F-AA56491C3AB4}.Release|Any CPU.ActiveCfg = Release|Any CPU
		{B33C9207-4D73-4146-830F-AA56491C3AB4}.Release|Any CPU.Build.0 = Release|Any CPU
	EndGlobalSection
	GlobalSection(SolutionProperties) = preSolution
		HideSolutionNode = FALSE
	EndGlobalSection
	GlobalSection(ExtensibilityGlobals) = postSolution
		SolutionGuid = {8C1E3503-78FE-486B-BCC2-60506513E1D2}
	EndGlobalSection
EndGlobal
